34705a0eb4fb7a090940c6fe0182e23e4066a08f:UEsDBAoAAAAAABat7VgAAAAAAAAAAAAAAAA3ABwALmdpdC9yci1jYWNoZS8zNDcwNWEwZWI0ZmI3YTA5MDk0MGM2ZmUwMTgyZTIzZTQwNjZhMDhmL1VUCQAD3IOSZv+DkmZ1eAsAAQT1AQAABBQAAABQSwMEFAAAAAgAV63tWKkuWd5PIwAAlXoAAEAAHAAuZ2l0L3JyLWNhY2hlLzM0NzA1YTBlYjRmYjdhMDkwOTQwYzZmZTAxODJlMjNlNDA2NmEwOGYvdGhpc2ltYWdlVVQJAANVhJJmVYSSZnV4CwABBPUBAAAEFAAAALQ7a3faxrbf9SsmslMgNcI4r1O39ByCScxqbHwBN82Kc7CQBtCxkKhGMiYO97ffvfeM3mAn7bleqykazezZr9mv2dp70pg4XmNiirmm/SL/tD32gTPb9yoh8zi3WcDDKPCY5dtcsKkfMH2/avmLhenZNf2A+Z67ZiK0/ShkjqAl3DYAStt1/RW7/vSJ1b3cGvb58/UBu55GnpUbh8Gls+TigPHQQghizl3XmnPrhtmOMCcubw07R8+bR5omeMjqkaaZEz8IqzV2rzG2DBwvnDL9qbjydID8L539+sMRvOB3Tsia2kYDmG9Nx2VTU4Rs5YRzZgJdnuUIzhZcCHPG2WrOPeb5IYuE480Y8WaPDeG3y9kkMK0bHgpmBlyRyuYcfiNfLvrD3h8Ab7E0Q2fiuE643knE0U9HmjNlwJsvgOn9m/bwdPx7dzDs9c+P6xtgkRYCHoA7Ecj0N4AGsjfgf0ZOALuGPgNqebAE8bBwDq+EFTjL0NC1qYOEdmhL2EOO0+LIk1QDthav03rTCp1boB6kCwBZp0doKZndd3qIzA8/qMfe+ag7aHdGvd+7hGQRy47pIedwn4e2KOM48QGr6wz4awYqwa7P++f5QWA1iJ60a2WuBQgJBkg29T8jPwTGiBDUYCYkodf8bnkN8gcuCeH4ntgpkMPmqxzlBVITFuQx2saFyhsiZr9Mzf4Ocgx24XITKIk81GszZPgYwtHi7NYMHMSRIITBmpkz0/GMysNSBjZLbUSm5+ii4fcfx53+YNDtjH5sbqUAtW0RAQqxOHMAC/gWQG7FNMKzpc6pBQT+8ku3P9RO/QWfBHzFep4ITdflgXaJE4/ZpzyrWs3P7FOnh/9z5FQDMPzkL0MU6mcAylh9fsDqdRDuksm/E0csXXMtT4c63gZNzQOHAbU/KQ0asmUApzjE848HG5QsgH2XUUirOz2W/4tXk3JLPa9yY2aAFSUGSmgFUDUNOaCMEwimeVw/3OhopFZzB+QNEtvfY/VZyA5RQLZPnAOm6/tNHUAomtlXRXSNEY/Zzz/Tm2c1TSK3MsF465dewC1/5jlf4IhIth2zyn6zoqtpcnFTPREQLkwL9vU4Kpo8VkjDwgzhUItYq8CyZhQoDNdjLixzScJOTPLV4fPnn56KhU7Y/8w2GncFL88/xlegLzi8uJn4rk3D6SymN39WEHAw8mweuI7HW+BIsrNe/Pz8J72m06SJGyXvJVD2/IV6B6a0+KoZL4On4rufkmWg+IU9D+GdRsZl/B/f8ZSyu75lunDQZzkHJfkAQ2LuTFGrUDdgEqoQOi4YIYGna5iee5Qg7mFJo8EaV2wjl4CsQIGsOehbySnSgmZD369ceRW9IXXNn5tOYeb+fcy0Tav1q3oC6jfsqZBPRP1GOtlqSjFhXpMqDEq3FSzwe/MBXoIuZWEds9hpVwl5Yk9N+u/NA3bO872sj4FIRB68Tq8Gi3pT5jwwdQXGF047yLVwSJemECs/sIXx/+tovjzmUMqu+DPaOvVWne3KIPKQn6g7BSKlLZpwy0T0r/c7vWtkB7qcyhZD2MLjz1256xM82oeFDbOIl7HGGcnU78YOYkjHI/xQHCYbjT4qLLfiiZiSCdm6VWkbCF6XTphug3tMOM6mnTJMynnoHLfAMNE/amM8O9/D/aL3T2BLV3457A5gDONuU+ocOlfho2beOgDJhLgVvMwEQlBSU2B17A3BqaDXFdEEJlugghx0NyssBJ7XLRxpZc5b1bEhovZqeILRKy0xEsBJCr23TgDxgFTn/tDQ+kNcHXnmgsMKuRds1B/CLq0W0987XnSX3fC0f9Z9M+h+GPfPx+9755d/gBhjZcsuPDGDlePtWnnW7sDOzVgGKvBMAgngqUxIoiUSgM7OYwvT6g+JQYRUEn4O4mBacdFEtwinP5wLg438eJgUbUVhfhV8s0WBOIQ+8RZoatZ+BN7Zg+HQDNg8DJfiuNGYgWmIJgakBI0Ywwb9A5MmALmxgDAPgp49QG4td0BArnPDjVzUVuJAQZbn7bMuvjjtnXdRLI1IBJTakXxYfYG+KT6+qA7ZBYrvZrB49aJoYfZY32PtwZnk4UE204jZIzAXaUBM0ZjHUkAR0PIE74tB923vj5aem6fn5wy6GEmO+oOPrSzJcik5uOTEE1o9OGruo4ghJ6QTfgCrZNJ3oZQIVdeUcUhmdIC13XjNpvHegcwxWDc6JhwgkVkHa4aj9ggggml426rqieSAhBAcYn2qYyR30R2c9YaYHo7f9gdn7VFLf9rGbTun/Q/n8TqBC+FArzxa1Dl9N7jIwrTms2BJr94N+pcXLd20F3DU4HnUv+ycZqeGfmTNaWrvHDB8/z77UjFYZ3WwGT7TA98HXOszpoMScxxfMP3w9cuXAEDJrKSiec0kgdLpfECUqDcNFyfRITKSn7Foy4LduUTX/pqYd0nYsFC03yXZugyNdsrXzMl3h2i3ilUa85lXy4n2u8Uq3cZGSnb/noBvcsIFpe+cnvVPUkzA58H42W8nvUE8uLixnQAJRhwT/tE/J9237cv3o/G73giEcNYfAUcfM556CgMyzu53w4itT93yA66T5wX3HPAFRHXscvAePMiUJQ4l4EtfOKEfOFj9ghiRce/WCXxvwb2QAlJw4QWqsphk1Knw7rheelkmZaNvivTugF54l4e+g1EEfY+N5opwWRIDPxnnwRhiVAzgYgU86nTq3FHJAkcFnt53EF5LxhnsJJvrGmlAsIt85XW+gQW4/9Zw4FFmb6MYdbaMXIF7ZeR2cXAnco/KahdyKvRKJt/jvwe4ZJOZi3o76p/0j9kkgvjtFjJyDF5k9RL0VsY8VDGkWg0EQhgjen7kWdzWKIgYn3c/dIej8eX58PLioj8YdU9aevOlcah/L3AFr//+BOFloR0hNAwfYfvTND6Qtl4bdP/nsjfonowHl28+xgXQ1pHxSjr5R+OoZQRB1KuXL1+lkN69773pZEA1n2ch2b4lDFxqiHkCqw5xO+Gzp8qreLZFCrIDhyOB+Np40TQOAWQioLPeee/s8iw3DdMBtQ3+zGGdwRXEmWL6GsCybYAz0x6EC2z2fBCy6a5DxxLMjgKZmaTRbUm7zvvj9nn7/cdRrzMcj057QxDFOcbXD8076w6H7Xfdcf9ydHE5gtmarASetn/vgvRPYG6nA3OAGPmCXDpZT7QdGQuqaXPzlo9FZPtj08LMRZUNkiT0jmU8J0wrRqjqeqIpQ7Ck4lI3GSKS87u4ulZIqyW2w98u2sNhOcHGtz8CjHqbFsbpygOl4G2LpcuW2GWTsiK7yiC+Ybtcyq0I+vSvz+inIThG18t++LVh89uGB4elmDjnF9xinfvbYFC4y0oSBzP3T71I7EMpDO6obHEBFO7u8VIJQmV853g1hRJlUm3SPE9WgFDPqNiqghi6raEwcoK1dNbGyNcRYWCCb689SXFW+rQVIaxF8TtuRSFP1fRJXLErorhfjWtfeOkE6MrziLWu7ZWzmsIi3YUORq6SCHptBjMBaoVLsjld97J3clwHcnsnG+DdE/BfhzGHi4dsl45tPQ05DVObw4FQ9UdBilLLKgUVRoqnNjtbaqEk8bGJibJKqDuh5F9ILs54aOW4J4gPEH8jyPSBUmYZmodriHZJEOlAYK5YnUPwjWHz22GrUgEtMSFGDpBtTQyXYUhpQboMUEq3kMqD8h9PQOwKKxl7UjyFylARzIxsB697cJKRHiFVZc+IIimtmym9K9MJx1M/GKPm5wi3kJOSAvwf0y+wUMky1d1Bd3Q5OM8WZRuZt120PNmXeJIs3wvBbXIZWqyZD8gF7Iav8SUdgmPEDaVACOxhyTXkQlZZr2TN6spLSmQCvBkTIQSazPYh3L4KyHcBq+OTJjXdkuHZfuUqqLCvX/NDXqXAKHX7G/NoYf4HGASH3485JBmyf998+tR4tjH2q7TsDiO25t4zI1Y0NeuOZuGYLHWr4Gg8i6+hJY5NmkX3N/B0JJ/gMAK6+Qn8z8wEaX7lrsla+QREbdLN+H9/M75rM3c7Ze7f2MwtUaZRZXEcRN5YNQSMTTHGwkJu84KRayVGDnaXlltWE2TzQftLBOnKhbPkeEckGpCvnEYT1rbo2rBx4ls3PGh0fM/yo0Dwxm/RhAceBxVFDQbfwoEHawhesEwM0S5gw6rwA/IhrFIHCzhZqPO8JhGsT1nDsAkqxDjK9iq0kglAYsPAo2MCTg/Mw0puo9mwZoEfLdWcGaSjrN5luvllia5j8tWUtNBvufPXmRnY3Pt6A8QsfRt8Tf3PIrR0u7SGekItH3hVQtGaovcJKbm8JxmrSDKREHJ1HPq+m4/ayg6f6r3l8KYUu8H69DwhEHDpvhirMVivNw8hos95W7IKdfQjcZXtBMTm+ksSLSEKwT0fIZqJq4mztox/+TtwQP2Uf0yh4BTHs9zI5g0H5H1rzNWWiXMaA+yFQxdGioHog9OqkYzB8Na+WB7aqBvEDV6t82CMBbAxVV/S4wJuie6KM0FWNb9pfM0GscLrl58Omy9eflanEYymCMV4EoVjyOrHq8AJ8QIrA5xngUuqAzmEvRKr9OddPDEm2l95iXfaSu/TKKVuCpEToYCr7KwtqCawMmTE9xi17Iak8w9uONuy4SxYFvdkEvq7tDRWY7TtM3yVbCXxYfozhcNe3C8h1p4liywVdINg7Sbraq2CmVwlVrokpYtCBxQNp0CyV0mzp1zOl9an1oaWgVnKoZQIHjp8NKde5x5Kug77feFeXd5y1l0Hr7Ug/KzHV5kzvhAHtmOP1340XnDTO8Cd/WUIeoC/8D1qyRVtpksjAxi944vj49/lgTY8vqpmU38j9MfCsKNlTf4SS9i4WjEqNWOK90/Voxqy+0odtvivBLOyf7+1tLCp7Aass6NMjgNiI3ZaUeD+NXaqwAvWx/Zr7EfhMgrlGJa/x2hE1UtYsWUuRqZKLnEVJoMlxalboWHwsgXc06esKoOXNJLAM5MJili8sghyb+8Z2+AxK8/fWinZqF4AYiPYyb/DRVheoATjytLgN3ArSZfKqzGe+F+mw4uk4qVXP/2bfX5WM54V8HyQfdTNN+iCme6cfmp+foxpmfLORt2+xj5JueZLj98tuYXXme9S7LCBZxsZlSdpRrDHhtwMrHlyYTxzbrmnsibqK8POrvboFOKaW9+BDNlkNl9yDyIIa41JNS66pmvPaxa3amr0nOQwbdcxKWKivrFJ5Lhh3fHi2ew6XC85q19cIwPlT5ksZfEjHGIkBRDrTB0gF8KWWWCi4TNDSNhCR0yxEJ8pz2cKdnsMe0pDWapU97TUUDfxb/nuVsznh2D0Qc8xkMkpKfZfebyUee3Q0ZSnMCR7uOIsMfdKNfYkipi+lFl749muXgq9NwPdwWA0t4pVA47VvVsu765V8+7KD25qKnfBupVOBxFPR2HT4l5xplOaw7D0aN6kqT42HLFf2C/qWrxuSs+HgvV8SEJxbdYhxZWvasJvhm8TZw0KbEOubI9nrjPJZ+40krGVuWc8965tZ479VzYn3ntN+CmjZp9VPh3WfzI+P9uvZAf/jaOfr368MtSPSi1rIGWqkttOxmTbK84yz/+GOBhjozyTcCTPgUJ7rcpM4/7J9pv+YKQVj4JgA4S1ywGqk7EyZZvN1I886pEALx5AfALZ9sJIYWINmKwEwUx2eIfIJUZyJyuwLgDemAcHGtoB2iK/1EGz4TPftQ0wBPwY6JNFhqSxb/MXKvfZOoWmQq+4l+Nh5iCaJiiSEwrSO7IlYNgIdTRRhhbznfJ/2UfS825N10G5yYpk6CzgqJmLJZtwMGmcShB4bKsOdaQB86nLR3YJyTm1pOHjjuUKYkmEnR8F3arf5iKWuAMzMJesUph8U2HdP3ojhe9oTo1r2K8yxXZ4MB7YlTpl18uVfU21F8SPcgDZAid8SRkVndBHrGQPX9I1j5bb89nM9/GDAVPAGbVsmQTpmJurIoy299/5U+0B2oNddrI/izoH407ea6TiOi4ZK7O1MKVqY2GKBB33/9UMw6jsPsxbGnEeL1KUKrFkm2X+tMrtEPe9SAXQMtklzCs0NjwwqfCqtP83mJieR5e/loNX3mn2KORHCPJcJSYDxq62kHGlsyq6dptPzcjFe2I+de5A67W2C9rnSf9VzbZV5duyFjyc+7b88sK8BbWVXfHhsbbVQvQya/fMdIt63FGixZbBw3t/KnmsHCBEGRK28GWdchG5Jl0bQFhjyyxMgJJY/ACOwSSazdYHTGCxCW0Hh2x0toY9eMIvjNwC+GVxQ/vA5R6W6wtOJVPgJOhdct8ONmsJjOVxJCR77JNeNsv3ps4sCogqUbZFuQvm3I1z2uGSNiONzKVIuiFKbRE763HJgbC3qysZK4rut+rytyjcKJPmKk0p+YUy9Fx5WhYwQEBh3FEqKNBErTG03lRKXL3Cpk0PeWq6B2wp1QLghL5qdkiUNqP7wBENv3IIVP9noRsTv304JtLIcFJphr1+/ZKV8S67lO+wONQ4pXrglKKwVy/qEzC3sj8O1bI9ONMe6P57ku3+Sy/ktk27+8ercblL8Ju6MHPoMNWn6gcizlZU0pPtBIsJImBZqh6ihnoZUdQ78VQ6tzOSitsTEs3JkpFH3vjrEQtwvJ453LmgJdUI0on05vlviSVL1y75lOXynQqZq9i2Smlv2poqVjSL1WFLO7JCVb9R16CZSrC7sxL8evu161bpfkTPfmZarD9kf/yVADTThAJGIFzbEGz6jdCZ8QC5+w3ye5ygZnMbRYT6LrRL0OVFTgn6/v2unp+NnpavH8MxhlLs9Nnk8F7N/Zb+gevqwQxbuh4nvX8DzVJSTJDBP9RVH1IMPM560+8D5v6PLYhAyPoswcLX9BwM/LgntzZ3kw38p7BDfhEquwyKqBt6ZsH+PWy4yXz+Rf37sTWTvt3B21fcHZdqmby7qL5DcIfoqnLBEISs0jJBEIef27anFMJn5hxQKzmFGxzvt/C7hDiIgegpClTYIW9dVaADrlFFRRZE8RAXYYNVHByL+DYWGyRNkQTV9MmdnzYjXVUEkzdtB9oItsCNczfEPgVHWBydm54HYjJYzGIVANEVOMKGZ9+9pfs3b62paAkJS8MqVWtZxxASf5zhsPrWDg6jBsoOORJFL1dXGRMnJTfK9B4T7xRLj3UtLouU2oPpE2pqTN05RcwBNXQImd73RyZDyIX/NQm00Xx0/hdwMsIJeT2ugYnG+JGNeGjRt98Y4cGZwEWGvYuUTARJDX2/cb5kceEJfInjpdcb2je07k1cf6K+f2iU7j5u+MwIJpoNgbgle29beCyA0/htOFPXasx1Jgx73hmxAL9rxO9lYeLbwFxwLIBhp8tWMnFtY3kzkyG1xiSIhmmpRpFYYOqX40199ZMmcJZIKVkbSyz/eJR/fJ5/fFFc/TL/+Cr/+Dr/+A+sU5n46cKM/p98gJF9wCzxhtuSfbJRsKbRPZW8MATW1jQ8a9jmRb1I9xm+y4YaqlmC8d5xLbhVuwhM3i9kd8XOuN2rVMNc/PUpKDfo2jQS8mae6qrxhRgYq/9r7dp628aV8Lt/haqmx3Va2dh99EEKJOlli5Omi7TdXRwEJ1BkJTFiW15Jrpst8t/PXEiKV0lO0ofCscXhcIYihzPfDDV+kUsOwknmzFmkXpYo9NqMBvDdBTTqLRj5fNeQeDQ7TmpQJU5sNU/aWBfToWMaHOewRZTRMSzhcJ5b6i/LaEBov12mxLPwWVCO3DJLuYsd9E8R7maucvsLFffG75R1/FwqQ+AXZf606N0clPGs7Zp/JkalDcGwPmw2eECKe2GVWdF5RdCmpo3RIaR87bRRNYJoBq2/WP6B66Sdp0cGKP65xks3MfvhkWCy2K6ISUpOsdhto21qSHvS0I8JCwhKldnwC9SkI6P9LaRwHB262UUj0uBAQwfRSmi00PqKH/QVjeyQyxyMPlgdzLWN8HV23RNXvzuq92Gcqc3g8o6Rtzjr/QzaHJj8sdKegjV0dqIOYToxUISw6IXHl0RoDiMj3cu4xprNM86OJ+aZdR3kmfOx+jCteDOZ5hWsP9OY+uFTP58VZv7etU7kK9KJJnOZ+AvLD0UChoVejDwiIJbiQbreZiK7dwVHTOG2uyCMDB5B09lszm6+Cwob5KvvsndzhepOI2KwUVt2ky3L0KMySo2YWUohl97Gb2cnJFJpigf9n3bfhiNUCmiDOUAYpncgRFoWF3bnkZyVfxdFbYLEJdLOHrEztc7bRHcei00kkKbVRx1uPldQHdajj1eH3Xd/dRg++B562fvpfDlN7n3fviLH630oCXJ3jdrpbedt0rc0avkRTz9fiGTUi/dnnz9dHP7+MWlTmOd5WUuh0U9AplL8dbpeq4wM6StQaHexmBiKKzerseGd76zeocD+A8RvaMh8nUogiGLXAAlaTQbQvckZwQaUmSsQjptX5fZH7FpUZL70slp6dnStOnKtEKe7sCXSt7ci2fotCqcvr1XR2s3nP08VAFckQlsmgKcTjxnQ2smHs99VJzLB2tqz9eiITUC8CIqEWzXBNEvbtnybNiVxK8r6Pt4x164P5BwwG9lsNGenR2rfS05qp69iuwYY0JTHvvEdiXX3WW+Z+51vlCMcHlNy1gxsarAa8OUFOKYCB8FyRKEoUIvqAmMT/Qw0h72W1NXZiN23PX1TsllA+v6FzGnN/blH0P7d+LXVqzf9oNq/w2byig5908Lssc+M0BRFZSZCipqMs0WeAtf9zwAYh+6IFYlcEMNKYDgpbuqwEOAxQWJK3bMDzh4CQ4EVli/BvEnLO5KzKGLAxtmwKq7qbVrmmzUivIYR4vLnNeW4LWDGBYijlwSsr/UizfIbsCny8iCe1Ms1pv4sxynGoMazemwnloyFQAowLPEH+DshDGxeVb5lyZS61eM9BZbwy0UKdogU8oFWLMYcHKb7qkig9Y/xkkeY7vguGroDHgZbptvbKHk/3B9Gw8n/ov3z8/1J9JPOidH53q/34YZoIieoAWx2gkOYRpPJsPkO/wg2RnM1+SP4e43It2RFAVclIqMglqqNGyWZlK4hyHvO2bVWRvWYsyDyDBXIJIbxag971syQnvA1nsdWZ6H22PwHHp+TKl/A2Z1Kz1TbeZ3dxL2SnQI7KREul1yjyD/7GG74W57OFoi3k1gxjF6Sm+OK8qJfY5EzLG1Glc3gtSrK+fUcTiLRUOd7KCBgvVcPyjTFInbmCqHJ3//qRi8ZbQ/nvw/fPkbrYr1Zj6axvtyFBStr6KiDCCfaYvATE2OphIYGFeJw7g0cBEVwKueIPubMuhJ/InX2RHQwkqvJrNC6xyzBbJGCCH99869fRnEDGmpSKTArajHP8lWVcyZUD+AXhoFpZlAJQFhyuNJxrTxAguB4cMTI2hb0lQRyERlJRbRHHyUIB5sOiDCuyBikFvQ05BbJmuPmiWjtAra+fTk8OqEj74GeGtgHB97U41MkDIA8kNESVxg+LzMrku/8804wp4iC7VTdV76Q6GkQUOV583bII7RCxvSEOunQy3ZUjHZ6kmUKpRCcxbNrUOgllPCY4oqGREkjiHRnlDvllBNqgvJI7ozkEbIT1IiBnoUbR3qBnB0Fc9fg40HQuDtye9iYAqLNIceoNv0wyAj2cWCR0Tac9zR6GMBUBx/KhpoRzScBbXJhHljkQsy73mBjbmXfzk76TK6nmlogXrNMS7/3DjPXzBcPB2+/eT+1p3ecodb8JLE8YoJa05PIhRLxHjJBdcChMWZ9etL8aJ+fxIg1QZmSM0NxDMYUVW31Ocot3sIZaFGkM0YGzbwzaww7KeoiazmJN5PbriCwxUsQqH4wFrPH5Jg6XxP6gBLlwBgp4ViSl2VRVrytl3nDhXk2Mt7vOMngv/lqXo+Fj/aoTFfZzQGDYcRvtK2D9vNa1EekvERRpQ5UGLMrk/I35le0t4kf4TgDdOcrqmvKOX+L4hLRVhLqEuSMn4APwu3MhtgYtGwe6pxgxwOIXuVssbwq86tqgtla1WR/Sn/wg9WEn5zsCwnA1ovlHLbydorlZnWNO/oKK0rNKKUF3i3CrReUINrNUpJcwqtO35RgA2zqIisXaM2COVrlot9leovgPazVf7dEFAUnIWBtF3ThJ/PqAX1JUvB3XW64qyANKaskoWsV4BOLplXubqMkqdPrql9r1gF8gOU1Qe00zZAQikp/e5D9k8OvCNnEefH18APn4ppUofsoSejUDDYrrBMHsczYQ81jxnGspe45q6/ZQ2gBFtWW4E39e5PDkR7Tm6BHN+gF7Iztw41HgWJCmaI8QtGQgyn2cWZU2/UvPVbESnf9O9WZgkQOvESaMqQe3Ioa6IJUWeF0H481dJ6EM3opN2BHotVAbIXwv7ZUKJDl1i/ziM6JaoGycz1kkPlurKFxW0qKBSJInIli+bCwjqJb5fihVd65dTgHTe1xw69wwsDtSeGxKB7VVAdvG4xVh/ylrcmwm5RGK+0RryRCO6DVwSO3sA56fTceJ6z7QMI7bT59u+jaTB5Gx9koOsgE9wqUgRosK8o7YqHDrn523SA6yQEdanmTlg0txY1/DnfbcmTQahmoch3RGAmvcVHc+Nu0XVTMaZ2sDLFN936SwToVZWGmfvJTwyPCyf3+J5sUNd1c5ztnyg3DPtHsuSm2oiQbZQjmIqEbFybj5ID2cIol18SZQ6zAw9P8R80m7hBWGi6icJkviq0Iehu+M/ZaUfJBVV1tFs8YL67Vt5NllVOsNVGXKZ4/yFJDY53uUlGGNAXf+SoGTK7DbAYR8Je7ArrHuCoN2FurYnW3LDZgg11fl/k1eq1l8gIRz9LqtqmBOlZIdjoJqJQKvfAdWhsoA61wapFt8NDF46SsESHfYl0nYAuM6Nav3sfWQ0nZOLOeGrVa0zqlgV7mcJSoMHP0Lq+jl5g1RZY+ehBBa7shFkac+TAaxANbqOJaFMx7LBG/j6i91ToFhXwvFpgtAnaZuugpw5wMGCJa3ini1qYBufZKnzLsg+dMEjqwDvSC7Qed4Pots2CZoBmSUM3zWG7MY6UUkdyurbyPoIrzMkjZWEpYUc0LCbIWFz/9/PLbuxM8hNP1T/sUnBAXPfWrvGYYglx/tMww5KUVskeiZebYdy1PX6zLAr82UqfoCql9BKk/HYf/ffv5K9g5qrb5fQwc/NOLXX/TFsav5orzwNBZ5/TghD+P8XOsUfG3f3f6R8PHZCyZuFct6eatAWUyYNDt7yqK8+9wgj+Pz/detmxYkYRujc5jMpz0npvwsAr4/7CcyUjD8SY3L3cSncnqgLKR3JZqzIzGkA0u67OZUQ6AHtDWKtzCDNQq6w4H2Ht8scjoapAxLpuYGVJvC8lr9YTMvsTF798c4RnuyPlwFL15E1m6ebAI7FiOA/0znJ3rxaZMF5yN2aBx2rB/DTLHKUAraDXxQYH9TRJYBjUddMofN18dadkAH1+w2/NFNRVoYu6UTzmeoQ60C9MiEYEbYo2pmgyn19Gnw1P+gFeMvjZ9qkPUi8ItW6+Oj/CLauhRpWjfKVSLpOq4u2Fb/M7j4eaNOlHXFMoBD6um1JfInLqT8TetsvZUj3DbK0YK9tB17oaguE9a/IgSP6bc1RRPS/CeKjA/+NYd5bS3u7jbLLvIwyMMlpf0hyL8SZd0MDyhtY91msHHrm74qSj5grfC5jBdoY9Wsun6tlsyt/QOsESQblOKXDer8P6EJcdQ+A5GSvGtdgrMOTUIDIsrwXt/8ZbIJUhtxrEJnA8qAnZ8zH2x+Si+vc4ytQ7ZS7C2jLIdny/Wdg1pnBVACYsQQKv3m5IyhA0DvP8IjfEQWwf8b3D8+RO8+m8vsHbCQfwPGLc5CFp+Cy/Nf/RboHC1jQcnH48u8Bob/QfMGv2RlcUqR4M2kYTQIvXeOuM8S/eFwEGpqasiypyJ+bD3S/QmakxaDK9TPVaaNQ10gYIb8hJkjVhULqOkvIr2BPPGbxhByBZYs20PGW4ecijQfY26dDAxT5chrEJ6mwW8FRX5QZmi+3i0p5OTAzrWQA9v+N/g/1BLAwQUAAAACACPrO1YqS5Z3k8jAACVegAAPwAcAC5naXQvcnItY2FjaGUvMzQ3MDVhMGViNGZiN2EwOTA5NDBjNmZlMDE4MmUyM2U0MDY2YTA4Zi9wcmVpbWFnZVVUCQAD3oKSZv+DkmZ1eAsAAQT1AQAABBQAAAC0O2t32sa23/UrJrJTIDXCOK9Tt/QcgknMamx8ATfNinOwkAbQsZCoRjImDve33733jN5gJ+25XqspGs3s2a/Zr9nae9KYOF5jYoq5pv0i/7Q99oEz2/cqIfM4t1nAwyjwmOXbXLCpHzB9v2r5i4Xp2TX9gPmeu2YitP0oZI6gJdw2AErbdf0Vu/70idW93Br2+fP1AbueRp6VG4fBpbPk4oDx0EIIYs5d15pz64bZjjAnLm8NO0fPm0eaJnjI6pGmmRM/CKs1dq8xtgwcL5wy/am48nSA/C+d/frDEbzgd07ImtpGA5hvTcdlU1OEbOWEc2YCXZ7lCM4WXAhzxtlqzj3m+SGLhOPNGPFmjw3ht8vZJDCtGx4KZgZckcrmHH4jXy76w94fAG+xNENn4rhOuN5JxNFPR5ozZcCbL4Dp/Zv28HT8e3cw7PXPj+sbYJEWAh6AOxHI9DeABrI34H9GTgC7hj4DanmwBPGwcA6vhBU4y9DQtamDhHZoS9hDjtPiyJNUA7YWr9N60wqdW6AepAsAWadHaCmZ3Xd6iMwPP6jH3vmoO2h3Rr3fu4RkEcuO6SHncJ+HtijjOPEBq+sM+GsGKsGuz/vn+UFgNYietGtlrgUICQZINvU/Iz8ExogQ1GAmJKHX/G55DfIHLgnh+J7YKZDD5qsc5QVSExbkMdrGhcobIma/TM3+DnIMduFyEyiJPNRrM2T4GMLR4uzWDBzEkSCEwZqZM9PxjMrDUgY2S21EpufoouH3H8ed/mDQ7Yx+bG6lALVtEQEKsThzAAv4FkBuxTTCs6XOqQUE/vJLtz/UTv0FnwR8xXqeCE3X5YF2iROP2ac8q1rNz+xTp4f/c+RUAzD85C9DFOpnAMpYfX7A6nUQ7pLJvxNHLF1zLU+HOt4GTc0DhwG1PykNGrJlAKc4xPOPBxuULIB9l1FIqzs9lv+LV5NySz2vcmNmgBUlBkpoBVA1DTmgjBMIpnlcP9zoaKRWcwfkDRLb32P1WcgOUUC2T5wDpuv7TR1AKJrZV0V0jRGP2c8/05tnNU0itzLBeOuXXsAtf+Y5X+CISLYds8p+s6KraXJxUz0REC5MC/b1OCqaPFZIw8IM4VCLWKvAsmYUKAzXYy4sc0nCTkzy1eHz55+eioVO2P/MNhp3BS/PP8ZXoC84vLiZ+K5Nw+kspjd/VhBwMPJsHriOx1vgSLKzXvz8/Ce9ptOkiRsl7yVQ9vyFegemtPiqGS+Dp+K7n5JloPiFPQ/hnUbGZfwf3/GUsru+Zbpw0Gc5ByX5AENi7kxRq1A3YBKqEDouGCGBp2uYnnuUIO5hSaPBGldsI5eArECBrDnoW8kp0oJmQ9+vXHkVvSF1zZ+bTmHm/n3MtE2r9at6Auo37KmQT0T9RjrZakoxYV6TKgxKtxUs8HvzAV6CLmVhHbPYaVcJeWJPTfrvzQN2zvO9rI+BSEQevE6vBot6U+Y8MHUFxhdOO8i1cEiXphArP7CF8f/raL485lDKrvgz2jr1Vp3tyiDykJ+oOwUipS2acMtE9K/3O71rZAe6nMoWQ9jC489duesTPNqHhQ2ziJexxhnJ1O/GDmJIxyP8UBwmG40+Kiy34omYkgnZulVpGwhel06YboN7TDjOpp0yTMp56By3wDDRP2pjPDvfw/2i909gS1d+OewOYAzjblPqHDpX4aNm3joAyYS4FbzMBEJQUlNgdewNwamg1xXRBCZboIIcdDcrLASe1y0caWXOW9WxIaL2aniC0SstMRLASQq9t04A8YBU5/7Q0PpDXB155oLDCrkXbNQfwi6tFtPfO150l93wtH/WfTPofhj3z8fve+eXf4AYY2XLLjwxg5Xj7Vp51u7Azs1YBirwTAIJ4KlMSKIlEoDOzmML0+oPiUGEVBJ+DuJgWnHRRLcIpz+cC4ON/HiYFG1FYX4VfLNFgTiEPvEWaGrWfgTe2YPh0AzYPAyX4rjRmIFpiCYGpASNGMMG/QOTJgC5sYAwD4KePUBuLXdAQK5zw41c1FbiQEGW5+2zLr447Z13USyNSASU2pF8WH2Bvik+vqgO2QWK72awePWiaGH2WN9j7cGZ5OFBNtOI2SMwF2lATNGYx1JAEdDyBO+LQfdt74+Wnpun5+cMuhhJjvqDj60syXIpObjkxBNaPThq7qOIISekE34Aq2TSd6GUCFXXlHFIZnSAtd14zabx3oHMMVg3OiYcIJFZB2uGo/YIIIJpeNuq6onkgIQQHGJ9qmMkd9EdnPWGmB6O3/YHZ+1RS3/axm07p/0P5/E6gQvhQK88WtQ5fTe4yMK05rNgSa/eDfqXFy3dtBdw1OB51L/snGanhn5kzWlq7xwwfP8++1IxWGd1sBk+0wPfB1zrM6aDEnMcXzD98PXLlwBAyaykonnNJIHS6XxAlKg3DRcn0SEykp+xaMuC3blE1/6amHdJ2LBQtN8l2boMjXbK18zJd4dot4pVGvOZV8uJ9rvFKt3GRkp2/56Ab3LCBaXvnJ71T1JMwOfB+NlvJ71BPLi4sZ0ACUYcE/7RPyfdt+3L96Pxu94IhHDWHwFHHzOeegoDMs7ud8OIrU/d8gOuk+cF9xzwBUR17HLwHjzIlCUOJeBLXzihHzhY/YIYkXHv1gl8b8G9kAJScOEFqrKYZNSp8O64XnpZJmWjb4r07oBeeJeHvoNRBH2PjeaKcFkSAz8Z58EYYlQM4GIFPOp06txRyQJHBZ7edxBeS8YZ7CSb6xppQLCLfOV1voEFuP/WcOBRZm+jGHW2jFyBe2XkdnFwJ3KPymoXcir0Sibf478HuGSTmYt6O+qf9I/ZJIL47RYycgxeZPUS9FbGPFQxpFoNBEIYI3p+5Fnc1iiIGJ93P3SHo/Hl+fDy4qI/GHVPWnrzpXGofy9wBa///gThZaEdITQMH2H70zQ+kLZeG3T/57I36J6MB5dvPsYF0NaR8Uo6+UfjqGUEQdSrly9fpZDeve+96WRANZ9nIdm+JQxcaoh5AqsOcTvhs6fKq3i2RQqyA4cjgfjaeNE0DgFkIqCz3nnv7PIsNw3TAbUN/sxhncEVxJli+hrAsm2AM9MehAts9nwQsumuQ8cSzI4CmZmk0W1Ju8774/Z5+/3HUa8zHI9Oe0MQxTnG1w/NO+sOh+133XH/cnRxOYLZmqwEnrZ/74L0T2BupwNzgBj5glw6WU+0HRkLqmlz85aPRWT7Y9PCzEWVDZIk9I5lPCdMK0ao6nqiKUOwpOJSNxkikvO7uLpWSKsltsPfLtrDYTnBxrc/Aox6mxbG6coDpeBti6XLlthlk7Iiu8ogvmG7XMqtCPr0r8/opyE4RtfLfvi1YfPbhgeHpZg45xfcYp3722BQuMtKEgcz90+9SOxDKQzuqGxxARTu7vFSCUJlfOd4NYUSZVJt0jxPVoBQz6jYqoIYuq2hMHKCtXTWxsjXEWFggm+vPUlxVvq0FSGsRfE7bkUhT9X0SVyxK6K4X41rX3jpBOjK84i1ru2Vs5rCIt2FDkaukgh6bQYzAWqFS7I5Xfeyd3JcB3J7Jxvg3RPwX4cxh4uHbJeObT0NOQ1Tm8OBUPVHQYpSyyoFFUaKpzY7W2qhJPGxiYmySqg7oeRfSC7OeGjluCeIDxB/I8j0gVJmGZqHa4h2SRDpQGCuWJ1D8I1h89thq1IBLTEhRg6QbU0Ml2FIaUG6DFBKt5DKg/IfT0DsCisZe1I8hcpQEcyMbAeve3CSkR4hVWXPiCIprZspvSvTCcdTPxij5ucIt5CTkgL8H9MvsFDJMtXdQXd0OTjPFmUbmbddtDzZl3iSLN8LwW1yGVqsmQ/IBeyGr/ElHYJjxA2lQAjsYck15EJWWa9kzerKS0pkArwZEyEEmsz2Idy+Csh3AavjkyY13ZLh2X7lKqiwr1/zQ16lwCh1+xvzaGH+BxgEh9+POSQZsn/ffPrUeLYx9qu07A4jtubeMyNWNDXrjmbhmCx1q+BoPIuvoSWOTZpF9zfwdCSf4DACuvkJ/M/MBGl+5a7JWvkERG3Szfh/fzO+azN3O2Xu39jMLVGmUWVxHETeWDUEjE0xxsJCbvOCkWslRg52l5ZbVhNk80H7SwTpyoWz5HhHJBqQr5xGE9a26NqwceJbNzxodHzP8qNA8MZv0YQHHgcVRQ0G38KBB2sIXrBMDNEuYMOq8APyIaxSBws4WajzvCYRrE9Zw7AJKsQ4yvYqtJIJQGLDwKNjAk4PzMNKbqPZsGaBHy3VnBmko6zeZbr5ZYmuY/LVlLTQb7nz15kZ2Nz7egPELH0bfE39zyK0dLu0hnpCLR94VULRmqL3CSm5vCcZq0gykRBydRz6vpuP2soOn+q95fCmFLvB+vQ8IRBw6b4YqzFYrzcPIaLPeVuyCnX0I3GV7QTE5vpLEi0hCsE9HyGaiauJs7aMf/k7cED9lH9MoeAUx7PcyOYNB+R9a8zVlolzGgPshUMXRoqB6IPTqpGMwfDWvlge2qgbxA1erfNgjAWwMVVf0uMCbonuijNBVjW/aXzNBrHC65efDpsvXn5WpxGMpgjFeBKFY8jqx6vACfECKwOcZ4FLqgM5hL0Sq/TnXTwxJtpfeYl32krv0yilbgqRE6GAq+ysLagmsDJkxPcYteyGpPMPbjjbsuEsWBb3ZBL6u7Q0VmO07TN8lWwl8WH6M4XDXtwvIdaeJYssFXSDYO0m62qtgplcJVa6JKWLQgcUDadAsldJs6dczpfWp9aGloFZyqGUCB46fDSnXuceSroO+33hXl3ectZdB6+1IPysx1eZM74QB7Zjj9d+NF5w0zvAnf1lCHqAv/A9askVbaZLIwMYveOL4+Pf5YE2PL6qZlN/I/THwrCjZU3+EkvYuFoxKjVjivdP1aMasvtKHbb4rwSzsn+/tbSwqewGrLOjTI4DYiN2WlHg/jV2qsAL1sf2a+xH4TIK5RiWv8doRNVLWLFlLkamSi5xFSaDJcWpW6Fh8LIF3NOnrCqDlzSSwDOTCYpYvLIIcm/vGdvgMSvP31op2aheAGIj2Mm/w0VYXqAE48rS4DdwK0mXyqsxnvhfpsOLpOKlVz/9m31+VjOeFfB8kH3UzTfogpnunH5qfn6MaZnyzkbdvsY+SbnmS4/fLbmF15nvUuywgWcbGZUnaUawx4bcDKx5cmE8c265p7Im6ivDzq726BTimlvfgQzZZDZfcg8iCGuNSTUuuqZrz2sWt2pq9JzkMG3XMSlior6xSeS4Yd3x4tnsOlwvOatfXCMD5U+ZLGXxIxxiJAUQ60wdIBfClllgouEzQ0jYQkdMsRCfKc9nCnZ7DHtKQ1mqVPe01FA38W/57lbM54dg9EHPMZDJKSn2X3m8lHnt0NGUpzAke7jiLDH3SjX2JIqYvpRZe+PZrl4KvTcD3cFgNLeKVQOO1b1bLu+uVfPuyg9uaip3wbqVTgcRT0dh0+JecaZTmsOw9GjepKk+NhyxX9gv6lq8bkrPh4L1fEhCcW3WIcWVr2rCb4ZvE2cNCmxDrmyPZ64zyWfuNJKxlblnPPeubWeO/Vc2J957Tfgpo2afVT4d1n8yPj/br2QH/42jn69+vDLUj0otayBlqpLbTsZk2yvOMs//hjgYY6M8k3Akz4FCe63KTOP+yfab/mCkFY+CYAOEtcsBqpOxMmWbzdSPPOqRAC8eQHwC2fbCSGFiDZisBMFMdniHyCVGcicrsC4A3pgHBxraAdoiv9RBs+Ez37UNMAT8GOiTRYaksW/zFyr32TqFpkKvuJfjYeYgmiYokhMK0juyJWDYCHU0UYYW853yf9lH0vNuTddBucmKZOgs4KiZiyWbcDBpnEoQeGyrDnWkAfOpy0d2Cck5taTh447lCmJJhJ0fBd2q3+YilrgDMzCXrFKYfFNh3T96I4XvaE6Na9ivMsV2eDAe2JU6ZdfLlX1NtRfEj3IA2QInfEkZFZ3QR6xkD1/SNY+W2/PZzPfxgwFTwBm1bJkE6ZibqyKMtvff+VPtAdqDXXayP4s6B+NO3muk4jouGSuztTClamNhigQd9//VDMOo7D7MWxpxHi9SlCqxZJtl/rTK7RD3vUgF0DLZJcwrNDY8MKnwqrT/N5iYnkeXv5aDV95p9ijkRwjyXCUmA8autpBxpbMqunabT83IxXtiPnXuQOu1tgva50n/Vc22VeXbshY8nPu2/PLCvAW1lV3x4bG21UL0Mmv3zHSLetxRosWWwcN7fyp5rBwgRBkStvBlnXIRuSZdG0BYY8ssTICSWPwAjsEkms3WB0xgsQltB4dsdLaGPXjCL4zcAvhlcUP7wOUelusLTiVT4CToXXLfDjZrCYzlcSQke+yTXjbL96bOLAqIKlG2RbkL5tyNc9rhkjYjjcylSLohSm0RO+txyYGwt6srGSuK7rfq8rco3CiT5ipNKfmFMvRceVoWMEBAYdxRKijQRK0xtN5USly9wqZND3lqugdsKdUC4IS+anZIlDaj+8ARDb9yCFT/Z6EbE799OCbSyHBSaYa9fv2SlfEuu5TvsDjUOKV64JSisFcv6hMwt7I/DtWyPTjTHuj+e5Lt/ksv5LZNu/vHq3G5S/CbujBz6DDVp+oHIs5WVNKT7QSLCSJgWaoeooZ6GVHUO/FUOrczkorbExLNyZKRR9746xELcLyeOdy5oCXVCNKJ9Ob5b4klS9cu+ZTl8p0KmavYtkppb9qaKlY0i9VhSzuyQlW/UdegmUqwu7MS/Hr7tetW6X5Ez35mWqw/ZH/8lQA004QCRiBc2xBs+o3QmfEAufsN8nucoGZzG0WE+i60S9DlRU4J+v79rp6fjZ6Wrx/DMYZS7PTZ5PBezf2W/oHr6sEMW7oeJ71/A81SUkyQwT/UVR9SDDzOetPvA+b+jy2IQMj6LMHC1/QcDPy4J7c2d5MN/KewQ34RKrsMiqgbembB/j1suMl8/kX9+7E1k77dwdtX3B2Xapm8u6i+Q3CH6KpywRCErNIyQRCHn9u2pxTCZ+YcUCs5hRsc77fwu4Q4iIHoKQpU2CFvXVWgA65RRUUWRPEQF2GDVRwci/g2FhskTZEE1fTJnZ82I11VBJM3bQfaCLbAjXM3xD4FR1gcnZueB2IyWMxiFQDRFTjChmffvaX7N2+tqWgJCUvDKlVrWccQEn+c4bD61g4OowbKDjkSRS9XVxkTJyU3yvQeE+8US491LS6LlNqD6RNqakzdOUXMATV0CJne90cmQ8iF/zUJtNF8dP4XcDLCCXk9roGJxviRjXho0bffGOHBmcBFhr2LlEwESQ19v3G+ZHHhCXyJ46XXG9o3tO5NXH+ivn9olO4+bvjMCCaaDYG4JXtvW3gsgNP4bThT12rMdSYMe94ZsQC/a8TvZWHi28BccCyAYafLVjJxbWN5M5MhtcYkiIZpqUaRWGDql+NNffWTJnCWSClZG0ss/3iUf3yef3xRXP0y//gq//g6//gPrFOZ+OnCjP6ffICRfcAs8Ybbkn2yUbCm0T2VvDAE1tY0PGvY5kW9SPcZvsuGGqpZgvHecS24VbsITN4vZHfFzrjdq1TDXPz1KSg36No0EvJmnuqq8YUYGKv/a+3aetvGlfC7f4Wqpsd1WtnYffRBCiTpZYuTpou03V0cBCdQZCUxYlteSa6bLfLfz1xIildJTtKHwrHF4XCGIocz3ww1fpFLDsJJ5sxZpF6WKPTajAbw3QU06i0Y+XzXkHg0O05qUCVObDVP2lgX06FjGhznsEWU0TEs4XCeW+ovy2hAaL9dpsSz8FlQjtwyS7mLHfRPEe5mrnL7CxX3xu+UdfxcKkPgF2X+tOjdHJTxrO2afyZGpQ3BsD5sNnhAinthlVnReUXQpqaN0SGkfO20UTWCaAatv1j+geuknadHBij+ucZLNzH74ZFgstiuiElKTrHYbaNtakh70tCPCQsISpXZ8AvUpCOj/S2kcBwdutlFI9LgQEMH0UpotND6ih/0FY3skMscjD5YHcy1jfB1dt0TV787qvdhnKnN4PKOkbc46/0M2hyY/LHSnoI1dHaiDmE6MVCEsOiFx5dEaA4jI93LuMaazTPOjifmmXUd5JnzsfowrXgzmeYVrD/TmPrhUz+fFWb+3rVO5CvSiSZzmfgLyw9FAoaFXow8IiCW4kG63mYiu3cFR0zhtrsgjAweQdPZbM5uvgsKG+Sr77J3c4XqTiNisFFbdpMty9CjMkqNmFlKIZfexm9nJyRSaYoH/Z9234YjVApogzlAGKZ3IERaFhd255GclX8XRW2CxCXSzh6xM7XO20R3HotNJJCm1Ucdbj5XUB3Wo49Xh913f3UYPvgeetn76Xw5Te59374ix+t9KAlyd43a6W3nbdK3NGr5EU8/X4hk1Iv3Z58/XRz+/jFpU5jneVlLodFPQKZS/HW6XquMDOkrUGh3sZgYiis3q7Hhne+s3qHA/gPEb2jIfJ1KIIhi1wAJWk0G0L3JGcEGlJkrEI6bV+X2R+xaVGS+9LJaenZ0rTpyrRCnu7Al0re3Itn6LQqnL69V0drN5z9PFQBXJEJbJoCnE48Z0NrJh7PfVScywdras/XoiE1AvAiKhFs1wTRL27Z8mzYlcSvK+j7eMdeuD+QcMBvZbDRnp0dq30tOaqevYrsGGNCUx77xHYl191lvmfudb5QjHB5TctYMbGqwGvDlBTimAgfBckShKFCL6gJjE/0MNIe9ltTV2Yjdtz19U7JZQPr+hcxpzf25R9D+3fi11as3/aDav8Nm8ooOfdPC7LHPjNAURWUmQoqajLNFngLX/c8AGIfuiBWJXBDDSmA4KW7qsBDgMUFiSt2zA84eAkOBFZYvwbxJyzuSsyhiwMbZsCqu6m1a5ps1IryGEeLy5zXluC1gxgWIo5cErK/1Is3yG7Ap8vIgntTLNab+LMcpxqDGs3psJ5aMhUAKMCzxB/g7IQxsXlW+ZcmUutXjPQWW8MtFCnaIFPKBVizGHBym+6pIoPWP8ZJHmO74Lhq6Ax4GW6bb2yh5P9wfRsPJ/6L98/P9SfSTzonR+d6v9+GGaCInqAFsdoJDmEaTybD5Dv8INkZzNfkj+HuNyLdkRQFXJSKjIJaqjRslmZSuIch7ztm1Vkb1mLMg8gwVyCSG8WoPe9bMkJ7wNZ7HVmeh9tj8Bx6fkypfwNmdSs9U23md3cS9kp0COykRLpdco8g/+xhu+FuezhaIt5NYMYxekpvjivKiX2ORMyxtRpXN4LUqyvn1HE4i0VDneyggYL1XD8o0xSJ25gqhyd//6kYvGW0P578P3z5G62K9WY+msb7chQUra+iogwgn2mLwExNjqYSGBhXicO4NHARFcCrniD7mzLoSfyJ19kR0MJKryazQuscswWyRggh/ffOvX0ZxAxpqUikwK2oxz/JVlXMmVA/gF4aBaWZQCUBYcrjSca08QILgeHDEyNoW9JUEchEZSUW0Rx8lCAebDogwrsgYpBb0NOQWyZrj5olo7QK2vn05PDqhI++BnhrYBwfe1ONTJAyAPJDRElcYPi8zK5Lv/PNOMKeIgu1U3Ve+kOhpEFDlefN2yCO0Qsb0hDrp0Mt2VIx2epJlCqUQnMWza1DoJZTwmOKKhkRJI4h0Z5Q75ZQTaoLySO6M5BGyE9SIgZ6FG0d6gZwdBXPX4ONB0Lg7cnvYmAKizSHHqDb9MMgI9nFgkdE2nPc0ehjAVAcfyoaaEc0nAW1yYR5Y5ELMu95gY25l385O+kyup5paIF6zTEu/9w4z18wXDwdvv3k/tad3nKHW/CSxPGKCWtOTyIUS8R4yQXXAoTFmfXrS/Gifn8SINUGZkjNDcQzGFFVt9TnKLd7CGWhRpDNGBs28M2sMOynqIms5iTeT264gsMVLEKh+MBazx+SYOl8T+oAS5cAYKeFYkpdlUVa8rZd5w4V5NjLe7zjJ4L/5al6PhY/2qExX2c0Bg2HEb7Stg/bzWtRHpLxEUaUOVBizK5PyN+ZXtLeJH+E4A3TnK6pryjl/i+IS0VYS6hLkjJ+AD8LtzIbYGLRsHuqcYMcDiF7lbLG8KvOraoLZWtVkf0p/8IPVhJ+c7AsJwNaL5Ry28naK5WZ1jTv6CitKzSilBd4twq0XlCDazVKSXMKrTt+UYANs6iIrF2jNgjla5aLfZXqL4D2s1X+3RBQFJyFgbRd04Sfz6gF9SVLwd11uuKsgDSmrJKFrFeATi6ZV7m6jJKnT66pfa9YBfIDlNUHtNM2QEIpKf3uQ/ZPDrwjZxHnx9fAD5+KaVKH7KEno1Aw2K6wTB7HM2EPNY8ZxrKXuOauv2UNoARbVluBN/XuTw5Ee05ugRzfoBeyM7cONR4FiQpmiPELRkIMp9nFmVNv1Lz1WxEp3/TvVmYJEDrxEmjKkHtyKGuiCVFnhdB+PNXSehDN6KTdgR6LVQGyF8L+2VCiQ5dYv84jOiWqBsnM9ZJD5bqyhcVtKigUiSJyJYvmwsI6iW+X4oVXeuXU4B03tccOvcMLA7UnhsSge1VQHbxuMVYf8pa3JsJuURivtEa8kQjug1cEjt7AOen03Hies+0DCO20+fbvo2kweRsfZKDrIBPcKlIEaLCvKO2Khw65+dt0gOskBHWp5k5YNLcWNfw5323Jk0GoZqHId0RgJr3FR3PjbtF1UzGmdrAyxTfd+ksE6FWVhpn7yU8Mjwsn9/iebFDXdXOc7Z8oNwz7R7LkptqIkG2UI5iKhGxcm4+SA9nCKJdfEmUOswMPT/EfNJu4QVhouonCZL4qtCHobvjP2WlHyQVVdbRbPGC+u1beTZZVTrDVRlymeP8hSQ2Od7lJRhjQF3/kqBkyuw2wGEfCXuwK6x7gqDdhbq2J1tyw2YINdX5f5NXqtZfICEc/S6rapgTpWSHY6CaiUCr3wHVobKAOtcGqRbfDQxeOkrBEh32JdJ2ALjOjWr97H1kNJ2Tiznhq1WtM6pYFe5nCUqDBz9C6vo5eYNUWWPnoQQWu7IRZGnPkwGsQDW6jiWhTMeywRv4+ovdU6BYV8LxaYLQJ2mbroKcOcDBgiWt4p4tamAbn2Sp8y7IPnTBI6sA70gu0HneD6LbNgmaAZklDN81huzGOlFJHcrq28j6CK8zJI2VhKWFHNCwmyFhc//fzy27sTPITT9U/7FJwQFz31q7xmGIJcf7TMMOSlFbJHomXm2HctT1+sywK/NlKn6AqpfQSpPx2H/337+SvYOaq2+X0MHPzTi11/0xbGr+aK88DQWef04IQ/j/FzrFHxt393+kfDx2QsmbhXLenmrQFlMmDQ7e8qivPvcII/j8/3XrZsWJGEbo3OYzKc9J6b8LAK+P+wnMlIw/EmNy93Ep3J6oCykdyWasyMxpANLuuzmVEOgB7Q1ircwgzUKusOB9h7fLHI6GqQMS6bmBlSbwvJa/WEzL7Exe/fHOEZ7sj5cBS9eRNZunmwCOxYjgP9M5yd68WmTBecjdmgcdqwfw0yxylAK2g18UGB/U0SWAY1HXTKHzdfHWnZAB9fsNvzRTUVaGLulE85nqEOtAvTIhGBG2KNqZoMp9fRp8NT/oBXjL42fapD1IvCLVuvjo/wi2roUaVo3ylUi6TquLthW/zO4+HmjTpR1xTKAQ+rptSXyJy6k/E3rbL2VI9w2ytGCvbQde6GoLhPWvyIEj+m3NUUT0vwniowP/jWHeW0t7u42yy7yMMjDJaX9Ici/EmXdDA8obWPdZrBx65u+Kko+YK3wuYwXaGPVrLp+rZbMrf0DrBEkG5Tilw3q/D+hCXHUPgORkrxrXYKzDk1CAyLK8F7f/GWyCVIbcaxCZwPKgJ2fMx9sfkovr3OMrUO2UuwtoyyHZ8v1nYNaZwVQAmLEECr95uSMoQNA7z/CI3xEFsH/G9w/PkTvPpvL7B2wkH8Dxi3OQhafgsvzX/0W6BwtY0HJx+PLvAaG/0HzBr9kZXFKkeDNpGE0CL13jrjPEv3hcBBqamrIsqcifmw90v0JmpMWgyvUz1WmjUNdIGCG/ISZI1YVC6jpLyK9gTzxm8YQcgWWLNtDxluHnIo0H2NunQwMU+XIaxCepsFvBUV+UGZovt4tKeTkwM61kAPb/jf4P9QSwMEFAAAAAgAV63tWEBYVHPyAAAAsAEAAEAAHAAuZ2l0L3JyLWNhY2hlLzM0NzA1YTBlYjRmYjdhMDkwOTQwYzZmZTAxODJlMjNlNDA2NmEwOGYvcG9zdGltYWdlVVQJAANVhJJmVYSSZnV4CwABBPUBAAAEFAAAAGVQ3WrCMBS+z1OcxTDcRRPc5aCCUy+Ktg5foLRptIU0kfyMMem7LwGdlp6rnHw/5ztn9sLqTrG6si1C60Oer4pNWazybYp/hTBC4P/ffVbsUsy8NUxqXskoxGiffZab7DgCZFezH260EuzcueRudNx+HVLcOnexHywira8p1/2US8MTI2S8KgPeV6qZv8EVQSjrGw1kAUtgjfhmyksJ78vXBRoQErzVgDNlXSVlp86UUoyscJD4kRmYHhJzAnILP8LCaOAy5AESAz9IE4cTYHJ9vs7AHn284YBHGqkgsVFzc5zSgTzb3Rda6/4ihRNN2OYPUEsBAh4DCgAAAAAAFq3tWAAAAAAAAAAAAAAAADcAGAAAAAAAAAAQAO1BAAAAAC5naXQvcnItY2FjaGUvMzQ3MDVhMGViNGZiN2EwOTA5NDBjNmZlMDE4MmUyM2U0MDY2YTA4Zi9VVAUAA9yDkmZ1eAsAAQT1AQAABBQAAABQSwECHgMUAAAACABXre1YqS5Z3k8jAACVegAAQAAYAAAAAAABAAAApIFxAAAALmdpdC9yci1jYWNoZS8zNDcwNWEwZWI0ZmI3YTA5MDk0MGM2ZmUwMTgyZTIzZTQwNjZhMDhmL3RoaXNpbWFnZVVUBQADVYSSZnV4CwABBPUBAAAEFAAAAFBLAQIeAxQAAAAIAI+s7VipLlneTyMAAJV6AAA/ABgAAAAAAAEAAACkgTokAAAuZ2l0L3JyLWNhY2hlLzM0NzA1YTBlYjRmYjdhMDkwOTQwYzZmZTAxODJlMjNlNDA2NmEwOGYvcHJlaW1hZ2VVVAUAA96CkmZ1eAsAAQT1AQAABBQAAABQSwECHgMUAAAACABXre1YQFhUc/IAAACwAQAAQAAYAAAAAAABAAAApIECSAAALmdpdC9yci1jYWNoZS8zNDcwNWEwZWI0ZmI3YTA5MDk0MGM2ZmUwMTgyZTIzZTQwNjZhMDhmL3Bvc3RpbWFnZVVUBQADVYSSZnV4CwABBPUBAAAEFAAAAFBLBQYAAAAABAAEAA4CAABuSQAAAAA=;
4710eb3482f59b489ce375b93a8d8480b2d15238:UEsDBAoAAAAAABat7VgAAAAAAAAAAAAAAAA3ABwALmdpdC9yci1jYWNoZS80NzEwZWIzNDgyZjU5YjQ4OWNlMzc1YjkzYThkODQ4MGIyZDE1MjM4L1VUCQAD3IOSZv+DkmZ1eAsAAQT1AQAABBQAAABQSwMEFAAAAAgAV63tWHCNfalcAgAABQYAAEAAHAAuZ2l0L3JyLWNhY2hlLzQ3MTBlYjM0ODJmNTliNDg5Y2UzNzViOTNhOGQ4NDgwYjJkMTUyMzgvdGhpc2ltYWdlVVQJAANVhJJmVYSSZnV4CwABBPUBAAAEFAAAAIVUYW/TMBD97l9xS6UJhJKsleAD0EpoKhUCirSJTQyhKE0ujWlqR7bbtSD+O2c7Tdu0DOdT7t6d37tnu3cRz7iIZ6kuGbsb39x++DIdBv3oKroK2Mfxt2GAk+l2NnhZfRrkdX7df/Vwf7d9uP8aMNaD9yuRGS4FGAlZidkCeAFcaJ4jTLgBhbXU3Ei1ZS6dzLlJ9sFnz+E3A1pUdQFzV7AO61RphDDkOvStwkepFqFRiDCCOMd1LFZVBYPRZf8NmBKF62EXZqWEYKyUVK9hKs2OS9phE8G7mVSGiznoTPHaRMG+x4agffdbcPbnRGaFqYCIyMZKhVlKuuDS/5dSLjQUsspRaeaATnATadV6ltc2bxk06ShqSCwXOVcQ1sebnEm5/U4ZokhnFTbjtB/zkWb49utQGdu8pbKvadnYUCZFwedkSSWztNohfNccjFrhmTkpTA3CLyQoRj81RQtOtMhqQcbQlLWhITlU4lGJRXWnZAGW2tONWroU/U5nKSwgig9LfnROSkYzjL2uI1z0T+Pp9FRphuBd5oJCJ66zBpS4YEfKjctZLU+1aJU4hi4T07E14RLVHCm0r4jP4hTSZe4CSY1G42kluMFsZax5HYYTlQo7UZtGqFEtudaNfFe6J1cuZQ4vNsfb7Hn+D+RJnhtyoVCXO7fpvC2c26xJJDbSsj7YwF9jHaeFQUXttazWGNGj9tYvh38CNvTLwfzmOy5s5Jcn+znlonkzmkER87OP2+kDcHoPqeHpDTg+RGd9a1X14HAwrYqj4I4/8ybfolnVdKWXdYUGczKU/QVQSwMEFAAAAAgAj6ztWHCNfalcAgAABQYAAD8AHAAuZ2l0L3JyLWNhY2hlLzQ3MTBlYjM0ODJmNTliNDg5Y2UzNzViOTNhOGQ4NDgwYjJkMTUyMzgvcHJlaW1hZ2VVVAkAA96Ckmb/g5JmdXgLAAEE9QEAAAQUAAAAhVRhb9MwEP3uX3FLpQmEkqyV4APQSmgqFQKKtIlNDKEoTS6NaWpHttu1IP47ZztN27QM51Pu3p3fu2e7dxHPuIhnqS4Zuxvf3H74Mh0G/egqugrYx/G3YYCT6XY2eFl9GuR1ft1/9XB/t324/xow1oP3K5EZLgUYCVmJ2QJ4AVxoniNMuAGFtdTcSLVlLp3MuUn2wWfP4TcDWlR1AXNXsA7rVGmEMOQ69K3CR6kWoVGIMII4x3UsVlUFg9Fl/w2YEoXrYRdmpYRgrJRUr2EqzY5L2mETwbuZVIaLOehM8dpEwb7HhqB991tw9udEZoWpgIjIxkqFWUq64NL/l1IuNBSyylFp5oBOcBNp1XqW1zZvGTTpKGpILBc5VxDWx5ucSbn9ThmiSGcVNuO0H/ORZvj261AZ27ylsq9p2dhQJkXB52RJJbO02iF81xyMWuGZOSlMDcIvJChGPzVFC060yGpBxtCUtaEhOVTiUYlFdadkAZba041auhT9TmcpLCCKD0t+dE5KRjOMva4jXPRP4+n0VGmG4F3mgkInrrMGlLhgR8qNy1ktT7VolTiGLhPTsTXhEtUcKbSviM/iFNJl7gJJjUbjaSW4wWxlrHkdhhOVCjtRm0aoUS251o18V7onVy5lDi82x9vsef4P5EmeG3KhUJc7t+m8LZzbrEkkNtKyPtjAX2Mdp4VBRe21rNYY0aP21i+HfwI29MvB/OY7Lmzklyf7OeWieTOaQRHzs4/b6QNweg+p4ekNOD5EZ31rVfXgcDCtiqPgjj/zJt+iWdV0pZd1hQZzMpT9BVBLAwQUAAAACABXre1YJkHZC0UCAAClBQAAQAAcAC5naXQvcnItY2FjaGUvNDcxMGViMzQ4MmY1OWI0ODljZTM3NWI5M2E4ZDg0ODBiMmQxNTIzOC9wb3N0aW1hZ2VVVAkAA1WEkmZVhJJmdXgLAAEE9QEAAAQUAAAAhVRtb9MwEP7uX3HLpAmEkqyV4ANok9BUKgQUaRObGEKRm1wa09SObLesIP47Zztt1jSM5FPunrt7nnvJ6Uk6FzKdc1Mxdju5vnn/eXYRjZLz5DxiHyZfLyKczrbz8cv647hoiqvRq/u72+393ZeIsVN4t5a5FUqCVZBXmC9BlCCkEQXCVFjQ2CgjrNJb5t3ZQtisMz57Dr8Z0ENRJ7DwAZu44dogxLEwcUgV/1R6GVuNCJeQFrhJ5bquYXx5NnoDtkLpc7gH80pBNNFa6dcwU3bHhffYJPB2rrQVcgEm16KxSdTleCDoyH+Wgv05klkjl5AQ2VTrOOekC87Cd6XU0kCp6gK1YR7oBbeWvdrA8sr5HYPWnSQtidWyEBri5rDIgMvXO2aIks9rbNvpXhYsbfPd26MycX5HpYvZs3GmXMlSLGgktcp5vUOErAVYvcaBPmnkFuEXEhSTH4aspSBaNGpJg6EuG0tN8qgsoDKH6nfJARy1pxPt6ZL1G+1SXEKSPg753tuUnHqYBl0HuOSfg6ftqXmOEKYsJJmOps5aUOaNPSnX3ue0PJVir8Qz9J6U1tbGK9QLJFMXkQ7iNNIx94GkxqANtDJ8wHxt3fB6DKeaS9dR50ZoUK+EMa18H9qRq1aqgBcPh2U6nv8DBZJDTS41mmo3bdq3pZ82ax2Zs+xZPyoQztikvLSoKb1R9QYT+qk5XMi2Sx6qfuJCtsffKiYKg3+p40s+PqiBRT7chcH2H6hiLAzhBu26oZNbNTVaLKjh7C9QSwECHgMKAAAAAAAWre1YAAAAAAAAAAAAAAAANwAYAAAAAAAAABAA7UEAAAAALmdpdC9yci1jYWNoZS80NzEwZWIzNDgyZjU5YjQ4OWNlMzc1YjkzYThkODQ4MGIyZDE1MjM4L1VUBQAD3IOSZnV4CwABBPUBAAAEFAAAAFBLAQIeAxQAAAAIAFet7VhwjX2pXAIAAAUGAABAABgAAAAAAAEAAACkgXEAAAAuZ2l0L3JyLWNhY2hlLzQ3MTBlYjM0ODJmNTliNDg5Y2UzNzViOTNhOGQ4NDgwYjJkMTUyMzgvdGhpc2ltYWdlVVQFAANVhJJmdXgLAAEE9QEAAAQUAAAAUEsBAh4DFAAAAAgAj6ztWHCNfalcAgAABQYAAD8AGAAAAAAAAQAAAKSBRwMAAC5naXQvcnItY2FjaGUvNDcxMGViMzQ4MmY1OWI0ODljZTM3NWI5M2E4ZDg0ODBiMmQxNTIzOC9wcmVpbWFnZVVUBQAD3oKSZnV4CwABBPUBAAAEFAAAAFBLAQIeAxQAAAAIAFet7VgmQdkLRQIAAKUFAABAABgAAAAAAAEAAACkgRwGAAAuZ2l0L3JyLWNhY2hlLzQ3MTBlYjM0ODJmNTliNDg5Y2UzNzViOTNhOGQ4NDgwYjJkMTUyMzgvcG9zdGltYWdlVVQFAANVhJJmdXgLAAEE9QEAAAQUAAAAUEsFBgAAAAAEAAQADgIAANsIAAAAAA==;
