1234567890987654323:UEsDBAoAAAAAADQO7VgAAAAAAAAAAAAAAAAiABwALmdpdC9yci1jYWNoZS8xMjM0NTY3ODkwOTg3NjU0MzIzL1VUCQADs2yRZrlskWZ1eAsAAQT1AQAABBQAAABQSwMEFAAAAAgAzA3tWOvOYp8GAAAABwAAAC8AHAAuZ2l0L3JyLWNhY2hlLzEyMzQ1Njc4OTA5ODc2NTQzMjMvcXdqYmtqY3dlYm92d1VUCQAD72uRZu9rkWZ1eAsAAQT1AQAABBQAAACrqAABLgBQSwECHgMKAAAAAAA0Du1YAAAAAAAAAAAAAAAAIgAYAAAAAAAAABAA7UEAAAAALmdpdC9yci1jYWNoZS8xMjM0NTY3ODkwOTg3NjU0MzIzL1VUBQADs2yRZnV4CwABBPUBAAAEFAAAAFBLAQIeAxQAAAAIAMwN7VjrzmKfBgAAAAcAAAAvABgAAAAAAAEAAACkgVwAAAAuZ2l0L3JyLWNhY2hlLzEyMzQ1Njc4OTA5ODc2NTQzMjMvcXdqYmtqY3dlYm92d1VUBQAD72uRZnV4CwABBPUBAAAEFAAAAFBLBQYAAAAAAgACAN0AAADLAAAAAAA=;3987654345676543245:UEsDBAoAAAAAADsO7VgAAAAAAAAAAAAAAAAiABwALmdpdC9yci1jYWNoZS8zOTg3NjU0MzQ1Njc2NTQzMjQ1L1VUCQADwmyRZsVskWZ1eAsAAQT1AQAABBQAAABQSwMEFAAAAAgAww3tWNZzwNEPAAAAGAAAAC4AHAAuZ2l0L3JyLWNhY2hlLzM5ODc2NTQzNDU2NzY1NDMyNDUvaHdvaGZvZWd3dWZnVVQJAAPda5Fm3WuRZnV4CwABBPUBAAAEFAAAAEtMBIIkMOBKBoEUMOACAFBLAQIeAwoAAAAAADsO7VgAAAAAAAAAAAAAAAAiABgAAAAAAAAAEADtQQAAAAAuZ2l0L3JyLWNhY2hlLzM5ODc2NTQzNDU2NzY1NDMyNDUvVVQFAAPCbJFmdXgLAAEE9QEAAAQUAAAAUEsBAh4DFAAAAAgAww3tWNZzwNEPAAAAGAAAAC4AGAAAAAAAAQAAAKSBXAAAAC5naXQvcnItY2FjaGUvMzk4NzY1NDM0NTY3NjU0MzI0NS9od29oZm9lZ3d1ZmdVVAUAA91rkWZ1eAsAAQT1AQAABBQAAABQSwUGAAAAAAIAAgDcAAAA0wAAAAAA;9876543456787654345:UEsDBAoAAAAAAAUW7VgAAAAAAAAAAAAAAAAiABwALmdpdC9yci1jYWNoZS85ODc2NTQzNDU2Nzg3NjU0MzQ1L1VUCQADanqRZnt6kWZ1eAsAAQT1AQAABBQAAABQSwMEFAAAAAgAChbtWH2fzKQNAAAAHgAAADIAHAAuZ2l0L3JyLWNhY2hlLzk4NzY1NDM0NTY3ODc2NTQzNDUvbGplaGZvaGV3aGZld2ZlaVVUCQADdHqRZnR6kWZ1eAsAAQT1AQAABBQAAADLzoYCriwY4CqCAS4AUEsBAh4DCgAAAAAABRbtWAAAAAAAAAAAAAAAACIAGAAAAAAAAAAQAO1BAAAAAC5naXQvcnItY2FjaGUvOTg3NjU0MzQ1Njc4NzY1NDM0NS9VVAUAA2p6kWZ1eAsAAQT1AQAABBQAAABQSwECHgMUAAAACAAKFu1YfZ/MpA0AAAAeAAAAMgAYAAAAAAABAAAApIFcAAAALmdpdC9yci1jYWNoZS85ODc2NTQzNDU2Nzg3NjU0MzQ1L2xqZWhmb2hld2hmZXdmZWlVVAUAA3R6kWZ1eAsAAQT1AQAABBQAAABQSwUGAAAAAAIAAgDgAAAA1QAAAAAA;
