1234567890987654323:UEsDBAoAAAAAADQO7VgAAAAAAAAAAAAAAAAiABwALmdpdC9yci1jYWNoZS8xMjM0NTY3ODkwOTg3NjU0MzIzL1VUCQADs2yRZrlskWZ1eAsAAQT1AQAABBQAAABQSwMEFAAAAAgAzA3tWOvOYp8GAAAABwAAAC8AHAAuZ2l0L3JyLWNhY2hlLzEyMzQ1Njc4OTA5ODc2NTQzMjMvcXdqYmtqY3dlYm92d1VUCQAD72uRZu9rkWZ1eAsAAQT1AQAABBQAAACrqAABLgBQSwECHgMKAAAAAAA0Du1YAAAAAAAAAAAAAAAAIgAYAAAAAAAAABAA7UEAAAAALmdpdC9yci1jYWNoZS8xMjM0NTY3ODkwOTg3NjU0MzIzL1VUBQADs2yRZnV4CwABBPUBAAAEFAAAAFBLAQIeAxQAAAAIAMwN7VjrzmKfBgAAAAcAAAAvABgAAAAAAAEAAACkgVwAAAAuZ2l0L3JyLWNhY2hlLzEyMzQ1Njc4OTA5ODc2NTQzMjMvcXdqYmtqY3dlYm92d1VUBQAD72uRZnV4CwABBPUBAAAEFAAAAFBLBQYAAAAAAgACAN0AAADLAAAAAAA=;3987654345676543245:UEsDBAoAAAAAADsO7VgAAAAAAAAAAAAAAAAiABwALmdpdC9yci1jYWNoZS8zOTg3NjU0MzQ1Njc2NTQzMjQ1L1VUCQADwmyRZsVskWZ1eAsAAQT1AQAABBQAAABQSwMEFAAAAAgAww3tWNZzwNEPAAAAGAAAAC4AHAAuZ2l0L3JyLWNhY2hlLzM5ODc2NTQzNDU2NzY1NDMyNDUvaHdvaGZvZWd3dWZnVVQJAAPda5Fm3WuRZnV4CwABBPUBAAAEFAAAAEtMBIIkMOBKBoEUMOACAFBLAQIeAwoAAAAAADsO7VgAAAAAAAAAAAAAAAAiABgAAAAAAAAAEADtQQAAAAAuZ2l0L3JyLWNhY2hlLzM5ODc2NTQzNDU2NzY1NDMyNDUvVVQFAAPCbJFmdXgLAAEE9QEAAAQUAAAAUEsBAh4DFAAAAAgAww3tWNZzwNEPAAAAGAAAAC4AGAAAAAAAAQAAAKSBXAAAAC5naXQvcnItY2FjaGUvMzk4NzY1NDM0NTY3NjU0MzI0NS9od29oZm9lZ3d1ZmdVVAUAA91rkWZ1eAsAAQT1AQAABBQAAABQSwUGAAAAAAIAAgDcAAAA0wAAAAAA;
